<?xml version="1.0" encoding="utf-8"?>
<Project ToolsVersion="4.0" xmlns="http://schemas.microsoft.com/developer/msbuild/2003">
  <ItemGroup>
    <Filter Include="Source">
      <UniqueIdentifier>{b916abcd-cedc-4504-80ea-d09f02df40a1}</UniqueIdentifier>
    </Filter>
    <Filter Include="Source\Lanna">
      <UniqueIdentifier>{994970a1-08da-4d13-9d79-dec413c562c2}</UniqueIdentifier>
    </Filter>
  </ItemGroup>
  <ItemGroup>
    <ClInclude Include="Source\Lanna\Application.h" />
    <ClInclude Include="Source\Lanna\Core.h" />
    <ClInclude Include="Source\Lanna.h" />
    <ClInclude Include="Source\Lanna\EntryPoint.h" />
    <ClInclude Include="Source\Lanna\Log.h" />
  </ItemGroup>
  <ItemGroup>
    <ClCompile Include="Source\Lanna\Application.cpp" />
    <ClCompile Include="Source\Lanna\Log.cpp" />
  </ItemGroup>
</Project>