<?xml version="1.0" encoding="utf-8"?>
<Project ToolsVersion="4.0" xmlns="http://schemas.microsoft.com/developer/msbuild/2003">
  <ItemGroup>
    <Filter Include="Lanna">
      <UniqueIdentifier>{AF59950D-1B6E-BDBE-E4EF-601E50C3B9EF}</UniqueIdentifier>
    </Filter>
    <Filter Include="Lanna\Events">
      <UniqueIdentifier>{B36A6D83-9FCD-FC27-4853-35DE3495C8AA}</UniqueIdentifier>
    </Filter>
    <Filter Include="Lanna\ImGui">
      <UniqueIdentifier>{19168C3A-85CB-0430-0EC0-FE067A74FB33}</UniqueIdentifier>
    </Filter>
    <Filter Include="Platform">
      <UniqueIdentifier>{2AC788B4-1694-E3BF-3FAD-D1672BD9184E}</UniqueIdentifier>
    </Filter>
    <Filter Include="Platform\OpenGL">
      <UniqueIdentifier>{1E7D2C1D-8A08-9AE1-9319-1DD6FF23F6E1}</UniqueIdentifier>
    </Filter>
    <Filter Include="Platform\Windows">
      <UniqueIdentifier>{64FBD71A-50F4-F66C-7926-DCF1657ED678}</UniqueIdentifier>
    </Filter>
  </ItemGroup>
  <ItemGroup>
    <ClInclude Include="src\Lanna.h" />
    <ClInclude Include="src\Lanna\Application.h">
      <Filter>Lanna</Filter>
    </ClInclude>
    <ClInclude Include="src\Lanna\Core.h">
      <Filter>Lanna</Filter>
    </ClInclude>
    <ClInclude Include="src\Lanna\EntryPoint.h">
      <Filter>Lanna</Filter>
    </ClInclude>
    <ClInclude Include="src\Lanna\Events\ApplicationEvent.h">
      <Filter>Lanna\Events</Filter>
    </ClInclude>
    <ClInclude Include="src\Lanna\Events\Event.h">
      <Filter>Lanna\Events</Filter>
    </ClInclude>
    <ClInclude Include="src\Lanna\Events\KeyEvent.h">
      <Filter>Lanna\Events</Filter>
    </ClInclude>
    <ClInclude Include="src\Lanna\Events\MouseEvent.h">
      <Filter>Lanna\Events</Filter>
    </ClInclude>
    <ClInclude Include="src\Lanna\ImGui\ImGuiLayer.h">
      <Filter>Lanna\ImGui</Filter>
    </ClInclude>
    <ClInclude Include="src\Lanna\Input.h">
      <Filter>Lanna</Filter>
    </ClInclude>
    <ClInclude Include="src\Lanna\Layer.h">
      <Filter>Lanna</Filter>
    </ClInclude>
    <ClInclude Include="src\Lanna\LayerStack.h">
      <Filter>Lanna</Filter>
    </ClInclude>
    <ClInclude Include="src\Lanna\Log.h">
      <Filter>Lanna</Filter>
    </ClInclude>
    <ClInclude Include="src\Lanna\Window.h">
      <Filter>Lanna</Filter>
    </ClInclude>
    <ClInclude Include="src\Platform\OpenGL\ImGuiOpenGLRenderer.h">
      <Filter>Platform\OpenGL</Filter>
    </ClInclude>
    <ClInclude Include="src\Platform\Windows\WindowsWindow.h">
      <Filter>Platform\Windows</Filter>
    </ClInclude>
    <ClInclude Include="src\lnpch.h" />
    <ClInclude Include="src\Platform\Windows\WindowsInput.h">
      <Filter>Platform\Windows</Filter>
    </ClInclude>
  </ItemGroup>
  <ItemGroup>
    <ClCompile Include="src\Lanna\Application.cpp">
      <Filter>Lanna</Filter>
    </ClCompile>
    <ClCompile Include="src\Lanna\ImGui\ImGuiLayer.cpp">
      <Filter>Lanna\ImGui</Filter>
    </ClCompile>
    <ClCompile Include="src\Lanna\Layer.cpp">
      <Filter>Lanna</Filter>
    </ClCompile>
    <ClCompile Include="src\Lanna\LayerStack.cpp">
      <Filter>Lanna</Filter>
    </ClCompile>
    <ClCompile Include="src\Lanna\Log.cpp">
      <Filter>Lanna</Filter>
    </ClCompile>
    <ClCompile Include="src\Platform\OpenGL\ImGuiOpenGLRenderer.cpp">
      <Filter>Platform\OpenGL</Filter>
    </ClCompile>
    <ClCompile Include="src\Platform\Windows\WindowsWindow.cpp">
      <Filter>Platform\Windows</Filter>
    </ClCompile>
    <ClCompile Include="src\lnpch.cpp" />
    <ClCompile Include="src\Platform\Windows\WindowsInput.cpp">
      <Filter>Platform\Windows</Filter>
    </ClCompile>
  </ItemGroup>
</Project>