<?xml version="1.0" encoding="utf-8"?>
<Project ToolsVersion="4.0" xmlns="http://schemas.microsoft.com/developer/msbuild/2003">
  <ItemGroup>
    <Filter Include="Lanna">
      <UniqueIdentifier>{AF59950D-1B6E-BDBE-E4EF-601E50C3B9EF}</UniqueIdentifier>
    </Filter>
    <Filter Include="Lanna\Events">
      <UniqueIdentifier>{B36A6D83-9FCD-FC27-4853-35DE3495C8AA}</UniqueIdentifier>
    </Filter>
    <Filter Include="Lanna\GameObject">
      <UniqueIdentifier>{CF4895CC-BB41-B41E-E473-99A3D0CB932A}</UniqueIdentifier>
    </Filter>
    <Filter Include="Lanna\GameObject\Components">
      <UniqueIdentifier>{84AEAD09-F0BB-DBEF-79A2-D7DAE5AEA7A6}</UniqueIdentifier>
    </Filter>
    <Filter Include="Lanna\ImGui">
      <UniqueIdentifier>{19168C3A-85CB-0430-0EC0-FE067A74FB33}</UniqueIdentifier>
    </Filter>
    <Filter Include="Lanna\ImGui\Panels">
      <UniqueIdentifier>{4B506C03-3734-2D59-A094-27AC8C9717DB}</UniqueIdentifier>
    </Filter>
    <Filter Include="Lanna\Resources">
      <UniqueIdentifier>{D9A5D914-4531-47D9-4E42-CACDBA4CA3D9}</UniqueIdentifier>
    </Filter>
    <Filter Include="Lanna\Utilities">
      <UniqueIdentifier>{DAA48C40-4630-FA04-4F41-7DF9BB4B5605}</UniqueIdentifier>
    </Filter>
    <Filter Include="Lanna\Utilities\Json">
      <UniqueIdentifier>{C3C81406-AF57-9ECF-5876-B2CA44E4AE75}</UniqueIdentifier>
    </Filter>
    <Filter Include="Lanna\Utilities\Maths">
      <UniqueIdentifier>{C660DAC8-32CD-95C3-FBC0-2D2167ECB72B}</UniqueIdentifier>
    </Filter>
    <Filter Include="Platform">
      <UniqueIdentifier>{2AC788B4-1694-E3BF-3FAD-D1672BD9184E}</UniqueIdentifier>
    </Filter>
    <Filter Include="Platform\OpenGL">
      <UniqueIdentifier>{1E7D2C1D-8A08-9AE1-9319-1DD6FF23F6E1}</UniqueIdentifier>
    </Filter>
    <Filter Include="Platform\Windows">
      <UniqueIdentifier>{64FBD71A-50F4-F66C-7926-DCF1657ED678}</UniqueIdentifier>
    </Filter>
  </ItemGroup>
  <ItemGroup>
    <ClInclude Include="src\Lanna.h" />
    <ClInclude Include="src\Lanna\Application.h">
      <Filter>Lanna</Filter>
    </ClInclude>
    <ClInclude Include="src\Lanna\Core.h">
      <Filter>Lanna</Filter>
    </ClInclude>
    <ClInclude Include="src\Lanna\EntityManager.h">
      <Filter>Lanna</Filter>
    </ClInclude>
    <ClInclude Include="src\Lanna\EntryPoint.h">
      <Filter>Lanna</Filter>
    </ClInclude>
    <ClInclude Include="src\Lanna\Events\ApplicationEvent.h">
      <Filter>Lanna\Events</Filter>
    </ClInclude>
    <ClInclude Include="src\Lanna\Events\Event.h">
      <Filter>Lanna\Events</Filter>
    </ClInclude>
    <ClInclude Include="src\Lanna\Events\KeyEvent.h">
      <Filter>Lanna\Events</Filter>
    </ClInclude>
    <ClInclude Include="src\Lanna\Events\MouseEvent.h">
      <Filter>Lanna\Events</Filter>
    </ClInclude>
    <ClInclude Include="src\Lanna\GameObject\Component.h">
      <Filter>Lanna\GameObject</Filter>
    </ClInclude>
    <ClInclude Include="src\Lanna\GameObject\Components\CameraComponent.h">
      <Filter>Lanna\GameObject\Components</Filter>
    </ClInclude>
    <ClInclude Include="src\Lanna\GameObject\Components\MaterialComponent.h">
      <Filter>Lanna\GameObject\Components</Filter>
    </ClInclude>
    <ClInclude Include="src\Lanna\GameObject\Components\MeshComponent.h">
      <Filter>Lanna\GameObject\Components</Filter>
    </ClInclude>
    <ClInclude Include="src\Lanna\GameObject\Components\TransformComponent.h">
      <Filter>Lanna\GameObject\Components</Filter>
    </ClInclude>
    <ClInclude Include="src\Lanna\GameObject\GameObject.h">
      <Filter>Lanna\GameObject</Filter>
    </ClInclude>
    <ClInclude Include="src\Lanna\ImGui\EditorLayer.h">
      <Filter>Lanna\ImGui</Filter>
    </ClInclude>
    <ClInclude Include="src\Lanna\ImGui\ImGuiLayer.h">
      <Filter>Lanna\ImGui</Filter>
    </ClInclude>
    <ClInclude Include="src\Lanna\ImGui\ImGuiLog.h">
      <Filter>Lanna\ImGui</Filter>
    </ClInclude>
    <ClInclude Include="src\Lanna\ImGui\Panels\AboutPanel.h">
      <Filter>Lanna\ImGui\Panels</Filter>
    </ClInclude>
    <ClInclude Include="src\Lanna\ImGui\Panels\AssetsPanel.h">
      <Filter>Lanna\ImGui\Panels</Filter>
    </ClInclude>
    <ClInclude Include="src\Lanna\ImGui\Panels\ConfigurationPanel.h">
      <Filter>Lanna\ImGui\Panels</Filter>
    </ClInclude>
    <ClInclude Include="src\Lanna\ImGui\Panels\HardwarePanel.h">
      <Filter>Lanna\ImGui\Panels</Filter>
    </ClInclude>
    <ClInclude Include="src\Lanna\ImGui\Panels\HierarchyPanel.h">
      <Filter>Lanna\ImGui\Panels</Filter>
    </ClInclude>
    <ClInclude Include="src\Lanna\ImGui\Panels\InspectorPanel.h">
      <Filter>Lanna\ImGui\Panels</Filter>
    </ClInclude>
    <ClInclude Include="src\Lanna\ImGui\Panels\Panel.h">
      <Filter>Lanna\ImGui\Panels</Filter>
    </ClInclude>
    <ClInclude Include="src\Lanna\ImGui\Panels\ScenePanel.h">
      <Filter>Lanna\ImGui\Panels</Filter>
    </ClInclude>
    <ClInclude Include="src\Lanna\Input.h">
      <Filter>Lanna</Filter>
    </ClInclude>
    <ClInclude Include="src\Lanna\KeyCodes.h">
      <Filter>Lanna</Filter>
    </ClInclude>
    <ClInclude Include="src\Lanna\Layer.h">
      <Filter>Lanna</Filter>
    </ClInclude>
    <ClInclude Include="src\Lanna\LayerStack.h">
      <Filter>Lanna</Filter>
    </ClInclude>
    <ClInclude Include="src\Lanna\Log.h">
      <Filter>Lanna</Filter>
    </ClInclude>
    <ClInclude Include="src\Lanna\MouseButtonCodes.h">
      <Filter>Lanna</Filter>
    </ClInclude>
    <ClInclude Include="src\Lanna\Render3D.h">
      <Filter>Lanna</Filter>
    </ClInclude>
    <ClInclude Include="src\Lanna\Resources.h">
      <Filter>Lanna</Filter>
    </ClInclude>
    <ClInclude Include="src\Lanna\Resources\Framebuffer.h">
      <Filter>Lanna\Resources</Filter>
    </ClInclude>
    <ClInclude Include="src\Lanna\Resources\Material.h">
      <Filter>Lanna\Resources</Filter>
    </ClInclude>
    <ClInclude Include="src\Lanna\Resources\Mesh.h">
      <Filter>Lanna\Resources</Filter>
    </ClInclude>
    <ClInclude Include="src\Lanna\Resources\Shader.h">
      <Filter>Lanna\Resources</Filter>
    </ClInclude>
    <ClInclude Include="src\Lanna\Resources\Texture.h">
      <Filter>Lanna\Resources</Filter>
    </ClInclude>
    <ClInclude Include="src\Lanna\Utilities\FileHelpers.h">
      <Filter>Lanna\Utilities</Filter>
    </ClInclude>
    <ClInclude Include="src\Lanna\Utilities\Json\JsonDoc.h">
      <Filter>Lanna\Utilities\Json</Filter>
    </ClInclude>
    <ClInclude Include="src\Lanna\Utilities\Json\JsonValue.h">
      <Filter>Lanna\Utilities\Json</Filter>
    </ClInclude>
    <ClInclude Include="src\Lanna\Utilities\Maths\Maths.h">
      <Filter>Lanna\Utilities\Maths</Filter>
    </ClInclude>
    <ClInclude Include="src\Lanna\Utilities\Maths\Vector2f.h">
      <Filter>Lanna\Utilities\Maths</Filter>
    </ClInclude>
    <ClInclude Include="src\Lanna\Utilities\Maths\Vector2i.h">
      <Filter>Lanna\Utilities\Maths</Filter>
    </ClInclude>
    <ClInclude Include="src\Lanna\Utilities\Maths\Vector3f.h">
      <Filter>Lanna\Utilities\Maths</Filter>
    </ClInclude>
    <ClInclude Include="src\Lanna\Utilities\Maths\Vector3i.h">
      <Filter>Lanna\Utilities\Maths</Filter>
    </ClInclude>
    <ClInclude Include="src\Lanna\Utilities\Maths\Vector4f.h">
      <Filter>Lanna\Utilities\Maths</Filter>
    </ClInclude>
    <ClInclude Include="src\Lanna\Utilities\Maths\Vector4i.h">
      <Filter>Lanna\Utilities\Maths</Filter>
    </ClInclude>
    <ClInclude Include="src\Lanna\Utilities\MemoryAllocation.h">
      <Filter>Lanna\Utilities</Filter>
    </ClInclude>
    <ClInclude Include="src\Lanna\Utilities\Time.h">
      <Filter>Lanna\Utilities</Filter>
    </ClInclude>
    <ClInclude Include="src\Lanna\Utilities\Timer.h">
      <Filter>Lanna\Utilities</Filter>
    </ClInclude>
    <ClInclude Include="src\Lanna\Window.h">
      <Filter>Lanna</Filter>
    </ClInclude>
    <ClInclude Include="src\Platform\OpenGL\imgui_impl_glfw.h">
      <Filter>Platform\OpenGL</Filter>
    </ClInclude>
    <ClInclude Include="src\Platform\OpenGL\imgui_impl_opengl3.h">
      <Filter>Platform\OpenGL</Filter>
    </ClInclude>
    <ClInclude Include="src\Platform\OpenGL\imgui_impl_opengl3_loader.h">
      <Filter>Platform\OpenGL</Filter>
    </ClInclude>
    <ClInclude Include="src\Platform\Windows\WindowsInput.h">
      <Filter>Platform\Windows</Filter>
    </ClInclude>
    <ClInclude Include="src\Platform\Windows\WindowsWindow.h">
      <Filter>Platform\Windows</Filter>
    </ClInclude>
    <ClInclude Include="src\lnpch.h" />
  </ItemGroup>
  <ItemGroup>
    <ClCompile Include="src\Lanna\Application.cpp">
      <Filter>Lanna</Filter>
    </ClCompile>
    <ClCompile Include="src\Lanna\EntityManager.cpp">
      <Filter>Lanna</Filter>
    </ClCompile>
    <ClCompile Include="src\Lanna\GameObject\Component.cpp">
      <Filter>Lanna\GameObject</Filter>
    </ClCompile>
    <ClCompile Include="src\Lanna\GameObject\Components\CameraComponent.cpp">
      <Filter>Lanna\GameObject\Components</Filter>
    </ClCompile>
    <ClCompile Include="src\Lanna\GameObject\Components\MaterialComponent.cpp">
      <Filter>Lanna\GameObject\Components</Filter>
    </ClCompile>
    <ClCompile Include="src\Lanna\GameObject\Components\MeshComponent.cpp">
      <Filter>Lanna\GameObject\Components</Filter>
    </ClCompile>
    <ClCompile Include="src\Lanna\GameObject\Components\TransformComponent.cpp">
      <Filter>Lanna\GameObject\Components</Filter>
    </ClCompile>
    <ClCompile Include="src\Lanna\GameObject\GameObject.cpp">
      <Filter>Lanna\GameObject</Filter>
    </ClCompile>
    <ClCompile Include="src\Lanna\ImGui\ImGuiLayer.cpp">
      <Filter>Lanna\ImGui</Filter>
    </ClCompile>
    <ClCompile Include="src\Lanna\ImGui\Panels\AboutPanel.cpp">
      <Filter>Lanna\ImGui\Panels</Filter>
    </ClCompile>
    <ClCompile Include="src\Lanna\ImGui\Panels\AssetsPanel.cpp">
      <Filter>Lanna\ImGui\Panels</Filter>
    </ClCompile>
    <ClCompile Include="src\Lanna\ImGui\Panels\ConfigurationPanel.cpp">
      <Filter>Lanna\ImGui\Panels</Filter>
    </ClCompile>
    <ClCompile Include="src\Lanna\ImGui\Panels\HardwarePanel.cpp">
      <Filter>Lanna\ImGui\Panels</Filter>
    </ClCompile>
    <ClCompile Include="src\Lanna\ImGui\Panels\HierarchyPanel.cpp">
      <Filter>Lanna\ImGui\Panels</Filter>
    </ClCompile>
    <ClCompile Include="src\Lanna\ImGui\Panels\InspectorPanel.cpp">
      <Filter>Lanna\ImGui\Panels</Filter>
    </ClCompile>
    <ClCompile Include="src\Lanna\ImGui\Panels\Panel.cpp">
      <Filter>Lanna\ImGui\Panels</Filter>
    </ClCompile>
    <ClCompile Include="src\Lanna\ImGui\Panels\ScenePanel.cpp">
      <Filter>Lanna\ImGui\Panels</Filter>
    </ClCompile>
    <ClCompile Include="src\Lanna\Layer.cpp">
      <Filter>Lanna</Filter>
    </ClCompile>
    <ClCompile Include="src\Lanna\LayerStack.cpp">
      <Filter>Lanna</Filter>
    </ClCompile>
    <ClCompile Include="src\Lanna\Log.cpp">
      <Filter>Lanna</Filter>
    </ClCompile>
    <ClCompile Include="src\Lanna\Render3D.cpp">
      <Filter>Lanna</Filter>
    </ClCompile>
    <ClCompile Include="src\Lanna\Resources.cpp">
      <Filter>Lanna</Filter>
    </ClCompile>
    <ClCompile Include="src\Lanna\Resources\Framebuffer.cpp">
      <Filter>Lanna\Resources</Filter>
    </ClCompile>
    <ClCompile Include="src\Lanna\Resources\Material.cpp">
      <Filter>Lanna\Resources</Filter>
    </ClCompile>
    <ClCompile Include="src\Lanna\Resources\Mesh.cpp">
      <Filter>Lanna\Resources</Filter>
    </ClCompile>
    <ClCompile Include="src\Lanna\Resources\Shader.cpp">
      <Filter>Lanna\Resources</Filter>
    </ClCompile>
    <ClCompile Include="src\Lanna\Resources\Texture.cpp">
      <Filter>Lanna\Resources</Filter>
    </ClCompile>
    <ClCompile Include="src\Lanna\Utilities\FileHelpers.cpp">
      <Filter>Lanna\Utilities</Filter>
    </ClCompile>
    <ClCompile Include="src\Lanna\Utilities\Json\JsonDoc.cpp">
      <Filter>Lanna\Utilities\Json</Filter>
    </ClCompile>
    <ClCompile Include="src\Lanna\Utilities\Json\JsonValue.cpp">
      <Filter>Lanna\Utilities\Json</Filter>
    </ClCompile>
    <ClCompile Include="src\Lanna\Utilities\Time.cpp">
      <Filter>Lanna\Utilities</Filter>
    </ClCompile>
    <ClCompile Include="src\Lanna\Utilities\Timer.cpp">
      <Filter>Lanna\Utilities</Filter>
    </ClCompile>
    <ClCompile Include="src\Platform\OpenGL\imgui_impl_glfw.cpp">
      <Filter>Platform\OpenGL</Filter>
    </ClCompile>
    <ClCompile Include="src\Platform\OpenGL\imgui_impl_opengl3.cpp">
      <Filter>Platform\OpenGL</Filter>
    </ClCompile>
    <ClCompile Include="src\Platform\Windows\WindowsInput.cpp">
      <Filter>Platform\Windows</Filter>
    </ClCompile>
    <ClCompile Include="src\Platform\Windows\WindowsWindow.cpp">
      <Filter>Platform\Windows</Filter>
    </ClCompile>
    <ClCompile Include="src\lnpch.cpp" />
  </ItemGroup>
</Project>